
Microsoft Visual Studio Solution File, Format Version 12.00
# Visual Studio 15
VisualStudioVersion = 15.0.28010.2016
MinimumVisualStudioVersion = 10.0.40219.1
Project("{FAE04EC0-301F-11D3-BF4B-00C04F79EFBC}") = "WindowsFormsApp2", "WindowsFormsApp2.csproj", "{025F0415-8E40-4652-9B8F-227E0AF78E89}"
EndProject
Global
	GlobalSection(SolutionConfigurationPlatforms) = preSolution
		Debug|Any CPU = Debug|Any CPU
		Debug|x86 = Debug|x86
		Release|Any CPU = Release|Any CPU
		Release|x86 = Release|x86
	EndGlobalSection
	GlobalSection(ProjectConfigurationPlatforms) = postSolution
		{025F0415-8E40-4652-9B8F-227E0AF78E89}.Debug|Any CPU.ActiveCfg = Debug|Any CPU
		{025F0415-8E40-4652-9B8F-227E0AF78E89}.Debug|Any CPU.Build.0 = Debug|Any CPU
		{025F0415-8E40-4652-9B8F-227E0AF78E89}.Debug|x86.ActiveCfg = Debug|x86
		{025F0415-8E40-4652-9B8F-227E0AF78E89}.Debug|x86.Build.0 = Debug|x86
		{025F0415-8E40-4652-9B8F-227E0AF78E89}.Release|Any CPU.ActiveCfg = Release|Any CPU
		{025F0415-8E40-4652-9B8F-227E0AF78E89}.Release|Any CPU.Build.0 = Release|Any CPU
		{025F0415-8E40-4652-9B8F-227E0AF78E89}.Release|x86.ActiveCfg = Release|x86
		{025F0415-8E40-4652-9B8F-227E0AF78E89}.Release|x86.Build.0 = Release|x86
	EndGlobalSection
	GlobalSection(SolutionProperties) = preSolution
		HideSolutionNode = FALSE
	EndGlobalSection
	GlobalSection(ExtensibilityGlobals) = postSolution
		SolutionGuid = {A65C5AF0-F7AA-4416-82B4-C368292FE912}
	EndGlobalSection
EndGlobal
